
Microsoft Visual Studio Solution File, Format Version 12.00
# Visual Studio Version 17
VisualStudioVersion = 17.14.36301.6 d17.14
MinimumVisualStudioVersion = 10.0.40219.1
Project("{FAE04EC0-301F-11D3-BF4B-00C04F79EFBC}") = "RetroTextures", "RetroTextures.csproj", "{7100B417-2DAF-BE51-9F41-F1554D4977C6}"
EndProject
Global
	GlobalSection(SolutionConfigurationPlatforms) = preSolution
		Debug|Any CPU = Debug|Any CPU
		Release|Any CPU = Release|Any CPU
	EndGlobalSection
	GlobalSection(ProjectConfigurationPlatforms) = postSolution
		{7100B417-2DAF-BE51-9F41-F1554D4977C6}.Debug|Any CPU.ActiveCfg = Debug|Any CPU
		{7100B417-2DAF-BE51-9F41-F1554D4977C6}.Debug|Any CPU.Build.0 = Debug|Any CPU
		{7100B417-2DAF-BE51-9F41-F1554D4977C6}.Release|Any CPU.ActiveCfg = Release|Any CPU
		{7100B417-2DAF-BE51-9F41-F1554D4977C6}.Release|Any CPU.Build.0 = Release|Any CPU
	EndGlobalSection
	GlobalSection(SolutionProperties) = preSolution
		HideSolutionNode = FALSE
	EndGlobalSection
	GlobalSection(ExtensibilityGlobals) = postSolution
		SolutionGuid = {0B07FCA1-61BE-4221-813A-412FC4D8D6D6}
	EndGlobalSection
EndGlobal
